// !$*UTF8*$!
{
	archiveVersion = 1;
	classes = {
	};
	objectVersion = 56;
	objects = {

/* Begin PBXBuildFile section */
		E27D4A172A40F82D0050D958 /* karabiletApp.swift in Sources */ = {isa = PBXBuildFile; fileRef = E27D4A162A40F82D0050D958 /* karabiletApp.swift */; };
		E27D4A192A40F82D0050D958 /* ContentView.swift in Sources */ = {isa = PBXBuildFile; fileRef = E27D4A182A40F82D0050D958 /* ContentView.swift */; };
		E27D4A1B2A40F82E0050D958 /* Assets.xcassets in Resources */ = {isa = PBXBuildFile; fileRef = E27D4A1A2A40F82E0050D958 /* Assets.xcassets */; };
		E27D4A1E2A40F82E0050D958 /* Preview Assets.xcassets in Resources */ = {isa = PBXBuildFile; fileRef = E27D4A1D2A40F82E0050D958 /* Preview Assets.xcassets */; };
		E27D4A282A40F8550050D958 /* Home.swift in Sources */ = {isa = PBXBuildFile; fileRef = E27D4A272A40F8550050D958 /* Home.swift */; };
		E27D4A2A2A40F8EF0050D958 /* AirportsModel.swift in Sources */ = {isa = PBXBuildFile; fileRef = E27D4A292A40F8EF0050D958 /* AirportsModel.swift */; };
		E27D4A2C2A40FD160050D958 /* AirportsVM.swift in Sources */ = {isa = PBXBuildFile; fileRef = E27D4A2B2A40FD150050D958 /* AirportsVM.swift */; };
		E27D4A2F2A41BCF90050D958 /* SelectAirportCell.swift in Sources */ = {isa = PBXBuildFile; fileRef = E27D4A2E2A41BCF90050D958 /* SelectAirportCell.swift */; };
		E27D4A312A4244870050D958 /* AvaliableDates.swift in Sources */ = {isa = PBXBuildFile; fileRef = E27D4A302A4244870050D958 /* AvaliableDates.swift */; };
		E27D4A332A4244C70050D958 /* AvaliableDatesCell.swift in Sources */ = {isa = PBXBuildFile; fileRef = E27D4A322A4244C70050D958 /* AvaliableDatesCell.swift */; };
		E27D4A352A488CA00050D958 /* SheetPaymentView.swift in Sources */ = {isa = PBXBuildFile; fileRef = E27D4A342A488CA00050D958 /* SheetPaymentView.swift */; };
		E27D4A372A48D18D0050D958 /* PaymentDetailView.swift in Sources */ = {isa = PBXBuildFile; fileRef = E27D4A362A48D18D0050D958 /* PaymentDetailView.swift */; };
		E27D4A392A48D80E0050D958 /* SeatSelectionView.swift in Sources */ = {isa = PBXBuildFile; fileRef = E27D4A382A48D80E0050D958 /* SeatSelectionView.swift */; };
/* End PBXBuildFile section */

/* Begin PBXFileReference section */
		E27D4A132A40F82D0050D958 /* karabilet.app */ = {isa = PBXFileReference; explicitFileType = wrapper.application; includeInIndex = 0; path = karabilet.app; sourceTree = BUILT_PRODUCTS_DIR; };
		E27D4A162A40F82D0050D958 /* karabiletApp.swift */ = {isa = PBXFileReference; lastKnownFileType = sourcecode.swift; path = karabiletApp.swift; sourceTree = "<group>"; };
		E27D4A182A40F82D0050D958 /* ContentView.swift */ = {isa = PBXFileReference; lastKnownFileType = sourcecode.swift; path = ContentView.swift; sourceTree = "<group>"; };
		E27D4A1A2A40F82E0050D958 /* Assets.xcassets */ = {isa = PBXFileReference; lastKnownFileType = folder.assetcatalog; path = Assets.xcassets; sourceTree = "<group>"; };
		E27D4A1D2A40F82E0050D958 /* Preview Assets.xcassets */ = {isa = PBXFileReference; lastKnownFileType = folder.assetcatalog; path = "Preview Assets.xcassets"; sourceTree = "<group>"; };
		E27D4A272A40F8550050D958 /* Home.swift */ = {isa = PBXFileReference; lastKnownFileType = sourcecode.swift; path = Home.swift; sourceTree = "<group>"; };
		E27D4A292A40F8EF0050D958 /* AirportsModel.swift */ = {isa = PBXFileReference; lastKnownFileType = sourcecode.swift; path = AirportsModel.swift; sourceTree = "<group>"; };
		E27D4A2B2A40FD150050D958 /* AirportsVM.swift */ = {isa = PBXFileReference; lastKnownFileType = sourcecode.swift; path = AirportsVM.swift; sourceTree = "<group>"; };
		E27D4A2D2A4100CE0050D958 /* Info.plist */ = {isa = PBXFileReference; lastKnownFileType = text.plist; path = Info.plist; sourceTree = "<group>"; };
		E27D4A2E2A41BCF90050D958 /* SelectAirportCell.swift */ = {isa = PBXFileReference; lastKnownFileType = sourcecode.swift; path = SelectAirportCell.swift; sourceTree = "<group>"; };
		E27D4A302A4244870050D958 /* AvaliableDates.swift */ = {isa = PBXFileReference; lastKnownFileType = sourcecode.swift; path = AvaliableDates.swift; sourceTree = "<group>"; };
		E27D4A322A4244C70050D958 /* AvaliableDatesCell.swift */ = {isa = PBXFileReference; lastKnownFileType = sourcecode.swift; path = AvaliableDatesCell.swift; sourceTree = "<group>"; };
		E27D4A342A488CA00050D958 /* SheetPaymentView.swift */ = {isa = PBXFileReference; lastKnownFileType = sourcecode.swift; path = SheetPaymentView.swift; sourceTree = "<group>"; };
		E27D4A362A48D18D0050D958 /* PaymentDetailView.swift */ = {isa = PBXFileReference; lastKnownFileType = sourcecode.swift; path = PaymentDetailView.swift; sourceTree = "<group>"; };
		E27D4A382A48D80E0050D958 /* SeatSelectionView.swift */ = {isa = PBXFileReference; lastKnownFileType = sourcecode.swift; path = SeatSelectionView.swift; sourceTree = "<group>"; };
/* End PBXFileReference section */

/* Begin PBXFrameworksBuildPhase section */
		E27D4A102A40F82D0050D958 /* Frameworks */ = {
			isa = PBXFrameworksBuildPhase;
			buildActionMask = 2147483647;
			files = (
			);
			runOnlyForDeploymentPostprocessing = 0;
		};
/* End PBXFrameworksBuildPhase section */

/* Begin PBXGroup section */
		E27D4A0A2A40F82D0050D958 = {
			isa = PBXGroup;
			children = (
				E27D4A152A40F82D0050D958 /* karabilet */,
				E27D4A142A40F82D0050D958 /* Products */,
			);
			sourceTree = "<group>";
		};
		E27D4A142A40F82D0050D958 /* Products */ = {
			isa = PBXGroup;
			children = (
				E27D4A132A40F82D0050D958 /* karabilet.app */,
			);
			name = Products;
			sourceTree = "<group>";
		};
		E27D4A152A40F82D0050D958 /* karabilet */ = {
			isa = PBXGroup;
			children = (
				E27D4A2D2A4100CE0050D958 /* Info.plist */,
				E27D4A262A40F83F0050D958 /* ViewModel */,
				E27D4A252A40F83A0050D958 /* Model */,
				E27D4A242A40F8350050D958 /* View */,
				E27D4A162A40F82D0050D958 /* karabiletApp.swift */,
				E27D4A182A40F82D0050D958 /* ContentView.swift */,
				E27D4A1A2A40F82E0050D958 /* Assets.xcassets */,
				E27D4A1C2A40F82E0050D958 /* Preview Content */,
			);
			path = karabilet;
			sourceTree = "<group>";
		};
		E27D4A1C2A40F82E0050D958 /* Preview Content */ = {
			isa = PBXGroup;
			children = (
				E27D4A1D2A40F82E0050D958 /* Preview Assets.xcassets */,
			);
			path = "Preview Content";
			sourceTree = "<group>";
		};
		E27D4A242A40F8350050D958 /* View */ = {
			isa = PBXGroup;
			children = (
				E27D4A272A40F8550050D958 /* Home.swift */,
				E27D4A2E2A41BCF90050D958 /* SelectAirportCell.swift */,
				E27D4A302A4244870050D958 /* AvaliableDates.swift */,
				E27D4A322A4244C70050D958 /* AvaliableDatesCell.swift */,
				E27D4A342A488CA00050D958 /* SheetPaymentView.swift */,
				E27D4A362A48D18D0050D958 /* PaymentDetailView.swift */,
				E27D4A382A48D80E0050D958 /* SeatSelectionView.swift */,
			);
			path = View;
			sourceTree = "<group>";
		};
		E27D4A252A40F83A0050D958 /* Model */ = {
			isa = PBXGroup;
			children = (
				E27D4A292A40F8EF0050D958 /* AirportsModel.swift */,
			);
			path = Model;
			sourceTree = "<group>";
		};
		E27D4A262A40F83F0050D958 /* ViewModel */ = {
			isa = PBXGroup;
			children = (
				E27D4A2B2A40FD150050D958 /* AirportsVM.swift */,
			);
			path = ViewModel;
			sourceTree = "<group>";
		};
/* End PBXGroup section */

/* Begin PBXNativeTarget section */
		E27D4A122A40F82D0050D958 /* karabilet */ = {
			isa = PBXNativeTarget;
			buildConfigurationList = E27D4A212A40F82E0050D958 /* Build configuration list for PBXNativeTarget "karabilet" */;
			buildPhases = (
				E27D4A0F2A40F82D0050D958 /* Sources */,
				E27D4A102A40F82D0050D958 /* Frameworks */,
				E27D4A112A40F82D0050D958 /* Resources */,
			);
			buildRules = (
			);
			dependencies = (
			);
			name = karabilet;
			productName = karabilet;
			productReference = E27D4A132A40F82D0050D958 /* karabilet.app */;
			productType = "com.apple.product-type.application";
		};
/* End PBXNativeTarget section */

/* Begin PBXProject section */
		E27D4A0B2A40F82D0050D958 /* Project object */ = {
			isa = PBXProject;
			attributes = {
				BuildIndependentTargetsInParallel = 1;
				LastSwiftUpdateCheck = 1420;
				LastUpgradeCheck = 1420;
				TargetAttributes = {
					E27D4A122A40F82D0050D958 = {
						CreatedOnToolsVersion = 14.2;
					};
				};
			};
			buildConfigurationList = E27D4A0E2A40F82D0050D958 /* Build configuration list for PBXProject "karabilet" */;
			compatibilityVersion = "Xcode 14.0";
			developmentRegion = en;
			hasScannedForEncodings = 0;
			knownRegions = (
				en,
				Base,
			);
			mainGroup = E27D4A0A2A40F82D0050D958;
			productRefGroup = E27D4A142A40F82D0050D958 /* Products */;
			projectDirPath = "";
			projectRoot = "";
			targets = (
				E27D4A122A40F82D0050D958 /* karabilet */,
			);
		};
/* End PBXProject section */

/* Begin PBXResourcesBuildPhase section */
		E27D4A112A40F82D0050D958 /* Resources */ = {
			isa = PBXResourcesBuildPhase;
			buildActionMask = 2147483647;
			files = (
				E27D4A1E2A40F82E0050D958 /* Preview Assets.xcassets in Resources */,
				E27D4A1B2A40F82E0050D958 /* Assets.xcassets in Resources */,
			);
			runOnlyForDeploymentPostprocessing = 0;
		};
/* End PBXResourcesBuildPhase section */

/* Begin PBXSourcesBuildPhase section */
		E27D4A0F2A40F82D0050D958 /* Sources */ = {
			isa = PBXSourcesBuildPhase;
			buildActionMask = 2147483647;
			files = (
				E27D4A192A40F82D0050D958 /* ContentView.swift in Sources */,
				E27D4A392A48D80E0050D958 /* SeatSelectionView.swift in Sources */,
				E27D4A352A488CA00050D958 /* SheetPaymentView.swift in Sources */,
				E27D4A372A48D18D0050D958 /* PaymentDetailView.swift in Sources */,
				E27D4A2C2A40FD160050D958 /* AirportsVM.swift in Sources */,
				E27D4A312A4244870050D958 /* AvaliableDates.swift in Sources */,
				E27D4A282A40F8550050D958 /* Home.swift in Sources */,
				E27D4A2F2A41BCF90050D958 /* SelectAirportCell.swift in Sources */,
				E27D4A332A4244C70050D958 /* AvaliableDatesCell.swift in Sources */,
				E27D4A172A40F82D0050D958 /* karabiletApp.swift in Sources */,
				E27D4A2A2A40F8EF0050D958 /* AirportsModel.swift in Sources */,
			);
			runOnlyForDeploymentPostprocessing = 0;
		};
/* End PBXSourcesBuildPhase section */

/* Begin XCBuildConfiguration section */
		E27D4A1F2A40F82E0050D958 /* Debug */ = {
			isa = XCBuildConfiguration;
			buildSettings = {
				ALWAYS_SEARCH_USER_PATHS = NO;
				CLANG_ANALYZER_NONNULL = YES;
				CLANG_ANALYZER_NUMBER_OBJECT_CONVERSION = YES_AGGRESSIVE;
				CLANG_CXX_LANGUAGE_STANDARD = "gnu++20";
				CLANG_ENABLE_MODULES = YES;
				CLANG_ENABLE_OBJC_ARC = YES;
				CLANG_ENABLE_OBJC_WEAK = YES;
				CLANG_WARN_BLOCK_CAPTURE_AUTORELEASING = YES;
				CLANG_WARN_BOOL_CONVERSION = YES;
				CLANG_WARN_COMMA = YES;
				CLANG_WARN_CONSTANT_CONVERSION = YES;
				CLANG_WARN_DEPRECATED_OBJC_IMPLEMENTATIONS = YES;
				CLANG_WARN_DIRECT_OBJC_ISA_USAGE = YES_ERROR;
				CLANG_WARN_DOCUMENTATION_COMMENTS = YES;
				CLANG_WARN_EMPTY_BODY = YES;
				CLANG_WARN_ENUM_CONVERSION = YES;
				CLANG_WARN_INFINITE_RECURSION = YES;
				CLANG_WARN_INT_CONVERSION = YES;
				CLANG_WARN_NON_LITERAL_NULL_CONVERSION = YES;
				CLANG_WARN_OBJC_IMPLICIT_RETAIN_SELF = YES;
				CLANG_WARN_OBJC_LITERAL_CONVERSION = YES;
				CLANG_WARN_OBJC_ROOT_CLASS = YES_ERROR;
				CLANG_WARN_QUOTED_INCLUDE_IN_FRAMEWORK_HEADER = YES;
				CLANG_WARN_RANGE_LOOP_ANALYSIS = YES;
				CLANG_WARN_STRICT_PROTOTYPES = YES;
				CLANG_WARN_SUSPICIOUS_MOVE = YES;
				CLANG_WARN_UNGUARDED_AVAILABILITY = YES_AGGRESSIVE;
				CLANG_WARN_UNREACHABLE_CODE = YES;
				CLANG_WARN__DUPLICATE_METHOD_MATCH = YES;
				COPY_PHASE_STRIP = NO;
				DEBUG_INFORMATION_FORMAT = dwarf;
				ENABLE_STRICT_OBJC_MSGSEND = YES;
				ENABLE_TESTABILITY = YES;
				GCC_C_LANGUAGE_STANDARD = gnu11;
				GCC_DYNAMIC_NO_PIC = NO;
				GCC_NO_COMMON_BLOCKS = YES;
				GCC_OPTIMIZATION_LEVEL = 0;
				GCC_PREPROCESSOR_DEFINITIONS = (
					"DEBUG=1",
					"$(inherited)",
				);
				GCC_WARN_64_TO_32_BIT_CONVERSION = YES;
				GCC_WARN_ABOUT_RETURN_TYPE = YES_ERROR;
				GCC_WARN_UNDECLARED_SELECTOR = YES;
				GCC_WARN_UNINITIALIZED_AUTOS = YES_AGGRESSIVE;
				GCC_WARN_UNUSED_FUNCTION = YES;
				GCC_WARN_UNUSED_VARIABLE = YES;
				IPHONEOS_DEPLOYMENT_TARGET = 16.2;
				MTL_ENABLE_DEBUG_INFO = INCLUDE_SOURCE;
				MTL_FAST_MATH = YES;
				ONLY_ACTIVE_ARCH = YES;
				SDKROOT = iphoneos;
				SWIFT_ACTIVE_COMPILATION_CONDITIONS = DEBUG;
				SWIFT_OPTIMIZATION_LEVEL = "-Onone";
			};
			name = Debug;
		};
		E27D4A202A40F82E0050D958 /* Release */ = {
			isa = XCBuildConfiguration;
			buildSettings = {
				ALWAYS_SEARCH_USER_PATHS = NO;
				CLANG_ANALYZER_NONNULL = YES;
				CLANG_ANALYZER_NUMBER_OBJECT_CONVERSION = YES_AGGRESSIVE;
				CLANG_CXX_LANGUAGE_STANDARD = "gnu++20";
				CLANG_ENABLE_MODULES = YES;
				CLANG_ENABLE_OBJC_ARC = YES;
				CLANG_ENABLE_OBJC_WEAK = YES;
				CLANG_WARN_BLOCK_CAPTURE_AUTORELEASING = YES;
				CLANG_WARN_BOOL_CONVERSION = YES;
				CLANG_WARN_COMMA = YES;
				CLANG_WARN_CONSTANT_CONVERSION = YES;
				CLANG_WARN_DEPRECATED_OBJC_IMPLEMENTATIONS = YES;
				CLANG_WARN_DIRECT_OBJC_ISA_USAGE = YES_ERROR;
				CLANG_WARN_DOCUMENTATION_COMMENTS = YES;
				CLANG_WARN_EMPTY_BODY = YES;
				CLANG_WARN_ENUM_CONVERSION = YES;
				CLANG_WARN_INFINITE_RECURSION = YES;
				CLANG_WARN_INT_CONVERSION = YES;
				CLANG_WARN_NON_LITERAL_NULL_CONVERSION = YES;
				CLANG_WARN_OBJC_IMPLICIT_RETAIN_SELF = YES;
				CLANG_WARN_OBJC_LITERAL_CONVERSION = YES;
				CLANG_WARN_OBJC_ROOT_CLASS = YES_ERROR;
				CLANG_WARN_QUOTED_INCLUDE_IN_FRAMEWORK_HEADER = YES;
				CLANG_WARN_RANGE_LOOP_ANALYSIS = YES;
				CLANG_WARN_STRICT_PROTOTYPES = YES;
				CLANG_WARN_SUSPICIOUS_MOVE = YES;
				CLANG_WARN_UNGUARDED_AVAILABILITY = YES_AGGRESSIVE;
				CLANG_WARN_UNREACHABLE_CODE = YES;
				CLANG_WARN__DUPLICATE_METHOD_MATCH = YES;
				COPY_PHASE_STRIP = NO;
				DEBUG_INFORMATION_FORMAT = "dwarf-with-dsym";
				ENABLE_NS_ASSERTIONS = NO;
				ENABLE_STRICT_OBJC_MSGSEND = YES;
				GCC_C_LANGUAGE_STANDARD = gnu11;
				GCC_NO_COMMON_BLOCKS = YES;
				GCC_WARN_64_TO_32_BIT_CONVERSION = YES;
				GCC_WARN_ABOUT_RETURN_TYPE = YES_ERROR;
				GCC_WARN_UNDECLARED_SELECTOR = YES;
				GCC_WARN_UNINITIALIZED_AUTOS = YES_AGGRESSIVE;
				GCC_WARN_UNUSED_FUNCTION = YES;
				GCC_WARN_UNUSED_VARIABLE = YES;
				IPHONEOS_DEPLOYMENT_TARGET = 16.2;
				MTL_ENABLE_DEBUG_INFO = NO;
				MTL_FAST_MATH = YES;
				SDKROOT = iphoneos;
				SWIFT_COMPILATION_MODE = wholemodule;
				SWIFT_OPTIMIZATION_LEVEL = "-O";
				VALIDATE_PRODUCT = YES;
			};
			name = Release;
		};
		E27D4A222A40F82E0050D958 /* Debug */ = {
			isa = XCBuildConfiguration;
			buildSettings = {
				ASSETCATALOG_COMPILER_APPICON_NAME = AppIcon;
				ASSETCATALOG_COMPILER_GLOBAL_ACCENT_COLOR_NAME = AccentColor;
				CODE_SIGN_STYLE = Automatic;
				CURRENT_PROJECT_VERSION = 1;
				DEVELOPMENT_ASSET_PATHS = "\"karabilet/Preview Content\"";
				DEVELOPMENT_TEAM = UJNM6DX6U3;
				ENABLE_PREVIEWS = YES;
				GENERATE_INFOPLIST_FILE = YES;
				INFOPLIST_FILE = karabilet/Info.plist;
				INFOPLIST_KEY_UIApplicationSupportsIndirectInputEvents = YES;
				INFOPLIST_KEY_UILaunchScreen_Generation = YES;
				INFOPLIST_KEY_UISupportedInterfaceOrientations_iPad = "UIInterfaceOrientationPortrait UIInterfaceOrientationPortraitUpsideDown UIInterfaceOrientationLandscapeLeft UIInterfaceOrientationLandscapeRight";
				INFOPLIST_KEY_UISupportedInterfaceOrientations_iPhone = "UIInterfaceOrientationPortrait UIInterfaceOrientationLandscapeLeft UIInterfaceOrientationLandscapeRight";
				INFOPLIST_KEY_UIUserInterfaceStyle = Light;
				LD_RUNPATH_SEARCH_PATHS = (
					"$(inherited)",
					"@executable_path/Frameworks",
				);
				MARKETING_VERSION = 1.0;
				PRODUCT_BUNDLE_IDENTIFIER = com.mahmutkara.karabilet;
				PRODUCT_NAME = "$(TARGET_NAME)";
				SWIFT_EMIT_LOC_STRINGS = YES;
				SWIFT_VERSION = 5.0;
				TARGETED_DEVICE_FAMILY = "1,2";
			};
			name = Debug;
		};
		E27D4A232A40F82E0050D958 /* Release */ = {
			isa = XCBuildConfiguration;
			buildSettings = {
				ASSETCATALOG_COMPILER_APPICON_NAME = AppIcon;
				ASSETCATALOG_COMPILER_GLOBAL_ACCENT_COLOR_NAME = AccentColor;
				CODE_SIGN_STYLE = Automatic;
				CURRENT_PROJECT_VERSION = 1;
				DEVELOPMENT_ASSET_PATHS = "\"karabilet/Preview Content\"";
				DEVELOPMENT_TEAM = UJNM6DX6U3;
				ENABLE_PREVIEWS = YES;
				GENERATE_INFOPLIST_FILE = YES;
				INFOPLIST_FILE = karabilet/Info.plist;
				INFOPLIST_KEY_UIApplicationSupportsIndirectInputEvents = YES;
				INFOPLIST_KEY_UILaunchScreen_Generation = YES;
				INFOPLIST_KEY_UISupportedInterfaceOrientations_iPad = "UIInterfaceOrientationPortrait UIInterfaceOrientationPortraitUpsideDown UIInterfaceOrientationLandscapeLeft UIInterfaceOrientationLandscapeRight";
				INFOPLIST_KEY_UISupportedInterfaceOrientations_iPhone = "UIInterfaceOrientationPortrait UIInterfaceOrientationLandscapeLeft UIInterfaceOrientationLandscapeRight";
				INFOPLIST_KEY_UIUserInterfaceStyle = Light;
				LD_RUNPATH_SEARCH_PATHS = (
					"$(inherited)",
					"@executable_path/Frameworks",
				);
				MARKETING_VERSION = 1.0;
				PRODUCT_BUNDLE_IDENTIFIER = com.mahmutkara.karabilet;
				PRODUCT_NAME = "$(TARGET_NAME)";
				SWIFT_EMIT_LOC_STRINGS = YES;
				SWIFT_VERSION = 5.0;
				TARGETED_DEVICE_FAMILY = "1,2";
			};
			name = Release;
		};
/* End XCBuildConfiguration section */

/* Begin XCConfigurationList section */
		E27D4A0E2A40F82D0050D958 /* Build configuration list for PBXProject "karabilet" */ = {
			isa = XCConfigurationList;
			buildConfigurations = (
				E27D4A1F2A40F82E0050D958 /* Debug */,
				E27D4A202A40F82E0050D958 /* Release */,
			);
			defaultConfigurationIsVisible = 0;
			defaultConfigurationName = Release;
		};
		E27D4A212A40F82E0050D958 /* Build configuration list for PBXNativeTarget "karabilet" */ = {
			isa = XCConfigurationList;
			buildConfigurations = (
				E27D4A222A40F82E0050D958 /* Debug */,
				E27D4A232A40F82E0050D958 /* Release */,
			);
			defaultConfigurationIsVisible = 0;
			defaultConfigurationName = Release;
		};
/* End XCConfigurationList section */
	};
	rootObject = E27D4A0B2A40F82D0050D958 /* Project object */;
}
